
Microsoft Visual Studio Solution File, Format Version 12.00
# Visual Studio 15
VisualStudioVersion = 15.0.28307.539
MinimumVisualStudioVersion = 10.0.40219.1
Project("{FAE04EC0-301F-11D3-BF4B-00C04F79EFBC}") = "ScraperFullStackMVC", "ScraperFullStackMVC\ScraperFullStackMVC.csproj", "{F2A1BABC-A715-40DD-A965-9E40EECF06C3}"
EndProject
Global
	GlobalSection(SolutionConfigurationPlatforms) = preSolution
		Debug|Any CPU = Debug|Any CPU
		Release|Any CPU = Release|Any CPU
	EndGlobalSection
	GlobalSection(ProjectConfigurationPlatforms) = postSolution
		{F2A1BABC-A715-40DD-A965-9E40EECF06C3}.Debug|Any CPU.ActiveCfg = Debug|Any CPU
		{F2A1BABC-A715-40DD-A965-9E40EECF06C3}.Debug|Any CPU.Build.0 = Debug|Any CPU
		{F2A1BABC-A715-40DD-A965-9E40EECF06C3}.Release|Any CPU.ActiveCfg = Release|Any CPU
		{F2A1BABC-A715-40DD-A965-9E40EECF06C3}.Release|Any CPU.Build.0 = Release|Any CPU
	EndGlobalSection
	GlobalSection(SolutionProperties) = preSolution
		HideSolutionNode = FALSE
	EndGlobalSection
	GlobalSection(ExtensibilityGlobals) = postSolution
		SolutionGuid = {1F085C94-A108-4CD5-8B6A-667900268D3B}
	EndGlobalSection
EndGlobal
